{
    "name": "trackify",
    "version": "1.0.0",
    "lockfileVersion": 3,
    "requires": true,
    "packages": {
        "": {
            "name": "trackify",
            "version": "1.0.0",
            "dependencies": {
                "chart.js": "^4.4.7",
                "process": "^0.11.10",
                "react-chartjs-2": "^5.3.0"
            },
            "devDependencies": {
                "@reatom/core": "^3.10.0",
                "@reatom/npm-react": "^3.10.5",
                "@types/react": "^18.3.1",
                "@types/react-dom": "^18.3.1",
                "react": "^18.3.1",
                "react-dom": "^18.3.1",
                "typescript": "^4.9.5"
            },
            "peerDependencies": {
                "react": "^18.0.0",
                "react-dom": "^18.0.0"
            }
        },
        "node_modules/@kurkle/color": {
            "version": "0.3.4",
            "resolved": "https://registry.npmjs.org/@kurkle/color/-/color-0.3.4.tgz",
            "integrity": "sha512-M5UknZPHRu3DEDWoipU6sE8PdkZ6Z/S+v4dD+Ke8IaNlpdSQah50lz1KtcFBa2vsdOnwbbnxJwVM4wty6udA5w==",
            "license": "MIT"
        },
        "node_modules/@reatom/core": {
            "version": "3.10.0",
            "resolved": "https://registry.npmjs.org/@reatom/core/-/core-3.10.0.tgz",
            "integrity": "sha512-uVUkLuTJqZt8k7gFiGqmfq9aVTvWsTAgyOCUD8HjUvpPw8kaKxR+3aMi0AC4fY076bcy91GBDYj7sEwZWDqysg==",
            "dev": true,
            "license": "MIT"
        },
        "node_modules/@reatom/effects": {
            "version": "3.11.1",
            "resolved": "https://registry.npmjs.org/@reatom/effects/-/effects-3.11.1.tgz",
            "integrity": "sha512-JhEB99+Wklfkg0kpV8sKvf1tP+16DaUXOaRYW1yxrHBleQ4WgOIO7j0hHqybmhMqJ/qS7Rcs3l8X0NBaH2bRJg==",
            "dev": true,
            "license": "MIT",
            "dependencies": {
                "@reatom/core": "^3.2.0",
                "@reatom/utils": "^3.5.0"
            }
        },
        "node_modules/@reatom/hooks": {
            "version": "3.6.0",
            "resolved": "https://registry.npmjs.org/@reatom/hooks/-/hooks-3.6.0.tgz",
            "integrity": "sha512-N3rqueSYvbQmuC2M2arF5Y7FHBK/rujK/gXXrVTTxXsetHMbwJAs7mxSB5a21s3eTHfCeOiuFCa8/qP7YL3ZVg==",
            "dev": true,
            "license": "MIT",
            "dependencies": {
                "@reatom/core": "^3.2.0",
                "@reatom/effects": "^3.7.0",
                "@reatom/utils": "^3.3.0"
            }
        },
        "node_modules/@reatom/lens": {
            "version": "3.11.6",
            "resolved": "https://registry.npmjs.org/@reatom/lens/-/lens-3.11.6.tgz",
            "integrity": "sha512-kzsIq6dI5UKo4/aytBiIeSAXFVbWQ4ScrsNyJK7l47BE9COvetBbugwGhvHhLdLjrPoZMEadY09Ime8NglDt5A==",
            "dev": true,
            "license": "MIT",
            "dependencies": {
                "@reatom/core": "^3.4.0",
                "@reatom/effects": "^3.2.0",
                "@reatom/hooks": "^3.3.1",
                "@reatom/primitives": "^3.6.0",
                "@reatom/utils": "^3.1.0"
            }
        },
        "node_modules/@reatom/npm-react": {
            "version": "3.10.5",
            "resolved": "https://registry.npmjs.org/@reatom/npm-react/-/npm-react-3.10.5.tgz",
            "integrity": "sha512-TV86OP14sTY/JC9xSwTmYEmFu2J5mdKyezXKY2z6XuxXTGR+bNg37rxyZvPBwNigooAqlYfRrnxoPHpL8WP8fw==",
            "dev": true,
            "license": "MIT",
            "dependencies": {
                "@reatom/core": "^3.5.0",
                "@reatom/effects": "^3.7.3",
                "@reatom/lens": "^3.1.0",
                "@reatom/utils": "^3.9.0",
                "use-sync-external-store": "^1.2.0"
            },
            "peerDependencies": {
                "react": ">=16.8.0"
            }
        },
        "node_modules/@reatom/primitives": {
            "version": "3.7.3",
            "resolved": "https://registry.npmjs.org/@reatom/primitives/-/primitives-3.7.3.tgz",
            "integrity": "sha512-HzG2aoGzE2W410ZSqnT8hd21Xd+bNMIkN03tq7dWgZ4OAZKawVnxdeB8bHu+oA5ppxICfrY0HtPUUeQTbvxfgQ==",
            "dev": true,
            "license": "MIT",
            "dependencies": {
                "@reatom/core": "^3.1.1",
                "@reatom/utils": "^3.1.1"
            }
        },
        "node_modules/@reatom/utils": {
            "version": "3.11.2",
            "resolved": "https://registry.npmjs.org/@reatom/utils/-/utils-3.11.2.tgz",
            "integrity": "sha512-4xeSI8mQ3OEg0cUFYuQu3EMe4NJm2NKggImIV3Lm1ApIPue5F9rJ0geQ30BEAixDiMb8XUuEL5Hlzy1uuOqkQQ==",
            "dev": true,
            "license": "MIT"
        },
        "node_modules/@types/prop-types": {
            "version": "15.7.14",
            "resolved": "https://registry.npmjs.org/@types/prop-types/-/prop-types-15.7.14.tgz",
            "integrity": "sha512-gNMvNH49DJ7OJYv+KAKn0Xp45p8PLl6zo2YnvDIbTd4J6MER2BmWN49TG7n9LvkyihINxeKW8+3bfS2yDC9dzQ==",
            "dev": true,
            "license": "MIT"
        },
        "node_modules/@types/react": {
            "version": "18.3.18",
            "resolved": "https://registry.npmjs.org/@types/react/-/react-18.3.18.tgz",
            "integrity": "sha512-t4yC+vtgnkYjNSKlFx1jkAhH8LgTo2N/7Qvi83kdEaUtMDiwpbLAktKDaAMlRcJ5eSxZkH74eEGt1ky31d7kfQ==",
            "dev": true,
            "license": "MIT",
            "dependencies": {
                "@types/prop-types": "*",
                "csstype": "^3.0.2"
            }
        },
        "node_modules/@types/react-dom": {
            "version": "18.3.5",
            "resolved": "https://registry.npmjs.org/@types/react-dom/-/react-dom-18.3.5.tgz",
            "integrity": "sha512-P4t6saawp+b/dFrUr2cvkVsfvPguwsxtH6dNIYRllMsefqFzkZk5UIjzyDOv5g1dXIPdG4Sp1yCR4Z6RCUsG/Q==",
            "dev": true,
            "license": "MIT",
            "peerDependencies": {
                "@types/react": "^18.0.0"
            }
        },
        "node_modules/chart.js": {
            "version": "4.4.7",
            "resolved": "https://registry.npmjs.org/chart.js/-/chart.js-4.4.7.tgz",
            "integrity": "sha512-pwkcKfdzTMAU/+jNosKhNL2bHtJc/sSmYgVbuGTEDhzkrhmyihmP7vUc/5ZK9WopidMDHNe3Wm7jOd/WhuHWuw==",
            "license": "MIT",
            "dependencies": {
                "@kurkle/color": "^0.3.0"
            },
            "engines": {
                "pnpm": ">=8"
            }
        },
        "node_modules/csstype": {
            "version": "3.1.3",
            "resolved": "https://registry.npmjs.org/csstype/-/csstype-3.1.3.tgz",
            "integrity": "sha512-M1uQkMl8rQK/szD0LNhtqxIPLpimGm8sOBwU7lLnCpSbTyY3yeU1Vc7l4KT5zT4s/yOxHH5O7tIuuLOCnLADRw==",
            "dev": true,
            "license": "MIT"
        },
        "node_modules/js-tokens": {
            "version": "4.0.0",
            "resolved": "https://registry.npmjs.org/js-tokens/-/js-tokens-4.0.0.tgz",
            "integrity": "sha512-RdJUflcE3cUzKiMqQgsCu06FPu9UdIJO0beYbPhHN4k6apgJtifcoCtT9bcxOpYBtpD2kCM6Sbzg4CausW/PKQ==",
            "license": "MIT"
        },
        "node_modules/loose-envify": {
            "version": "1.4.0",
            "resolved": "https://registry.npmjs.org/loose-envify/-/loose-envify-1.4.0.tgz",
            "integrity": "sha512-lyuxPGr/Wfhrlem2CL/UcnUc1zcqKAImBDzukY7Y5F/yQiNdko6+fRLevlw1HgMySw7f611UIY408EtxRSoK3Q==",
            "license": "MIT",
            "dependencies": {
                "js-tokens": "^3.0.0 || ^4.0.0"
            },
            "bin": {
                "loose-envify": "cli.js"
            }
        },
        "node_modules/process": {
            "version": "0.11.10",
            "resolved": "https://registry.npmjs.org/process/-/process-0.11.10.tgz",
            "integrity": "sha512-cdGef/drWFoydD1JsMzuFf8100nZl+GT+yacc2bEced5f9Rjk4z+WtFUTBu9PhOi9j/jfmBPu0mMEY4wIdAF8A==",
            "license": "MIT",
            "engines": {
                "node": ">= 0.6.0"
            }
        },
        "node_modules/react": {
            "version": "18.3.1",
            "resolved": "https://registry.npmjs.org/react/-/react-18.3.1.tgz",
            "integrity": "sha512-wS+hAgJShR0KhEvPJArfuPVN1+Hz1t0Y6n5jLrGQbkb4urgPE/0Rve+1kMB1v/oWgHgm4WIcV+i7F2pTVj+2iQ==",
            "license": "MIT",
            "dependencies": {
                "loose-envify": "^1.1.0"
            },
            "engines": {
                "node": ">=0.10.0"
            }
        },
        "node_modules/react-chartjs-2": {
            "version": "5.3.0",
            "resolved": "https://registry.npmjs.org/react-chartjs-2/-/react-chartjs-2-5.3.0.tgz",
            "integrity": "sha512-UfZZFnDsERI3c3CZGxzvNJd02SHjaSJ8kgW1djn65H1KK8rehwTjyrRKOG3VTMG8wtHZ5rgAO5oTHtHi9GCCmw==",
            "license": "MIT",
            "peerDependencies": {
                "chart.js": "^4.1.1",
                "react": "^16.8.0 || ^17.0.0 || ^18.0.0 || ^19.0.0"
            }
        },
        "node_modules/react-dom": {
            "version": "18.3.1",
            "resolved": "https://registry.npmjs.org/react-dom/-/react-dom-18.3.1.tgz",
            "integrity": "sha512-5m4nQKp+rZRb09LNH59GM4BxTh9251/ylbKIbpe7TpGxfJ+9kv6BLkLBXIjjspbgbnIBNqlI23tRnTWT0snUIw==",
            "dev": true,
            "license": "MIT",
            "dependencies": {
                "loose-envify": "^1.1.0",
                "scheduler": "^0.23.2"
            },
            "peerDependencies": {
                "react": "^18.3.1"
            }
        },
        "node_modules/scheduler": {
            "version": "0.23.2",
            "resolved": "https://registry.npmjs.org/scheduler/-/scheduler-0.23.2.tgz",
            "integrity": "sha512-UOShsPwz7NrMUqhR6t0hWjFduvOzbtv7toDH1/hIrfRNIDBnnBWd0CwJTGvTpngVlmwGCdP9/Zl/tVrDqcuYzQ==",
            "dev": true,
            "license": "MIT",
            "dependencies": {
                "loose-envify": "^1.1.0"
            }
        },
        "node_modules/typescript": {
            "version": "4.9.5",
            "resolved": "https://registry.npmjs.org/typescript/-/typescript-4.9.5.tgz",
            "integrity": "sha512-1FXk9E2Hm+QzZQ7z+McJiHL4NW1F2EzMu9Nq9i3zAaGqibafqYwCVU6WyWAuyQRRzOlxou8xZSyXLEN8oKj24g==",
            "dev": true,
            "license": "Apache-2.0",
            "bin": {
                "tsc": "bin/tsc",
                "tsserver": "bin/tsserver"
            },
            "engines": {
                "node": ">=4.2.0"
            }
        },
        "node_modules/use-sync-external-store": {
            "version": "1.4.0",
            "resolved": "https://registry.npmjs.org/use-sync-external-store/-/use-sync-external-store-1.4.0.tgz",
            "integrity": "sha512-9WXSPC5fMv61vaupRkCKCxsPxBocVnwakBEkMIHHpkTTg6icbJtg6jzgtLDm4bl3cSHAca52rYWih0k4K3PfHw==",
            "dev": true,
            "license": "MIT",
            "peerDependencies": {
                "react": "^16.8.0 || ^17.0.0 || ^18.0.0 || ^19.0.0"
            }
        }
    }
}
